// !$*UTF8*$!
{
	archiveVersion = 1;
	classes = {
	};
	objectVersion = 46;
	objects = {

/* Begin PBXBuildFile section */
		8A0A37471740B78D0004D345 /* CoreFoundation.framework in Frameworks */ = {isa = PBXBuildFile; fileRef = 8AA7A5C6165D051C005601FC /* CoreFoundation.framework */; };
		8A0A374D1740B78D0004D345 /* InfoPlist.strings in Resources */ = {isa = PBXBuildFile; fileRef = 8A0A374B1740B78D0004D345 /* InfoPlist.strings */; };
		8A4CE3AE165CB7E30043DF4A /* Foundation.framework in Frameworks */ = {isa = PBXBuildFile; fileRef = 8A4CE3AD165CB7E30043DF4A /* Foundation.framework */; };
		8A4CE3B3165CB7E30043DF4A /* GBHUD.h in CopyFiles */ = {isa = PBXBuildFile; fileRef = 8A4CE3B2165CB7E30043DF4A /* GBHUD.h */; };
		8A4CE3B5165CB7E30043DF4A /* GBHUD-Implementation.m in Sources */ = {isa = PBXBuildFile; fileRef = 8A4CE3B4165CB7E30043DF4A /* GBHUD-Implementation.m */; };
		8AA7A576165CBAEF005601FC /* GBHUDView.m in Sources */ = {isa = PBXBuildFile; fileRef = 8AA7A575165CBAEF005601FC /* GBHUDView.m */; };
		8AA7A57A165CBB08005601FC /* GBHUDBackgroundView.m in Sources */ = {isa = PBXBuildFile; fileRef = 8AA7A579165CBB08005601FC /* GBHUDBackgroundView.m */; };
		8AA7A5C7165D051C005601FC /* CoreFoundation.framework in Frameworks */ = {isa = PBXBuildFile; fileRef = 8AA7A5C6165D051C005601FC /* CoreFoundation.framework */; };
		8AA7A5CD165D051C005601FC /* InfoPlist.strings in Resources */ = {isa = PBXBuildFile; fileRef = 8AA7A5CB165D051C005601FC /* InfoPlist.strings */; };
		8AA7A5D2165D057C005601FC /* GBHUDSymbolSleep.png in Resources */ = {isa = PBXBuildFile; fileRef = 8AA7A58A165CFA1A005601FC /* GBHUDSymbolSleep.png */; };
		8AA7A5D3165D057C005601FC /* GBHUDSymbolSleep@2x.png in Resources */ = {isa = PBXBuildFile; fileRef = 8AA7A584165CFA1A005601FC /* GBHUDSymbolSleep@2x.png */; };
		8AA7A5D4165D057C005601FC /* GBHUDSymbolSuccess.png in Resources */ = {isa = PBXBuildFile; fileRef = 8AA7A58D165CFA1A005601FC /* GBHUDSymbolSuccess.png */; };
		8AA7A5D5165D057C005601FC /* GBHUDSymbolSuccess@2x.png in Resources */ = {isa = PBXBuildFile; fileRef = 8AA7A585165CFA1A005601FC /* GBHUDSymbolSuccess@2x.png */; };
		8AA7A5D6165D057C005601FC /* GBHUDSymbolError.png in Resources */ = {isa = PBXBuildFile; fileRef = 8AA7A586165CFA1A005601FC /* GBHUDSymbolError.png */; };
		8AA7A5D7165D057C005601FC /* GBHUDSymbolError@2x.png in Resources */ = {isa = PBXBuildFile; fileRef = 8AA7A58B165CFA1A005601FC /* GBHUDSymbolError@2x.png */; };
		8AA7A5D8165D057C005601FC /* GBHUDSymbolExplosion.png in Resources */ = {isa = PBXBuildFile; fileRef = 8AA7A587165CFA1A005601FC /* GBHUDSymbolExplosion.png */; };
		8AA7A5D9165D057C005601FC /* GBHUDSymbolExplosion@2x.png in Resources */ = {isa = PBXBuildFile; fileRef = 8AA7A58C165CFA1A005601FC /* GBHUDSymbolExplosion@2x.png */; };
		8AA7A5DA165D057C005601FC /* GBHUDSymbolInfo.png in Resources */ = {isa = PBXBuildFile; fileRef = 8AA7A588165CFA1A005601FC /* GBHUDSymbolInfo.png */; };
		8AA7A5DB165D057C005601FC /* GBHUDSymbolInfo@2x.png in Resources */ = {isa = PBXBuildFile; fileRef = 8AA7A589165CFA1A005601FC /* GBHUDSymbolInfo@2x.png */; };
		8AAD2498173FDCBA002C2224 /* GBHUDShims.h in Headers */ = {isa = PBXBuildFile; fileRef = 8AAD2497173FDC30002C2224 /* GBHUDShims.h */; settings = {ATTRIBUTES = (Public, ); }; };
		8AAD24CB173FF422002C2224 /* GBHUD-Interface-OSX.h in Headers */ = {isa = PBXBuildFile; fileRef = 8AAD24CA173FF422002C2224 /* GBHUD-Interface-OSX.h */; settings = {ATTRIBUTES = (Public, ); }; };
		8AC0838F1740AFA400F86A34 /* GBHUD-Interface-iOS.h in Headers */ = {isa = PBXBuildFile; fileRef = 8AAD24C9173FF3EF002C2224 /* GBHUD-Interface-iOS.h */; settings = {ATTRIBUTES = (Public, ); }; };
		8ACDEE8A173FCF4A00795FB7 /* Cocoa.framework in Frameworks */ = {isa = PBXBuildFile; fileRef = 8ACDEE89173FCF4A00795FB7 /* Cocoa.framework */; };
		8ACDEE9D173FD05A00795FB7 /* GBHUD-OSX-Prefix.pch in Headers */ = {isa = PBXBuildFile; fileRef = 8ACDEE9C173FD05A00795FB7 /* GBHUD-OSX-Prefix.pch */; };
		8ACDEE9E173FD18500795FB7 /* GBHUD-Implementation.m in Sources */ = {isa = PBXBuildFile; fileRef = 8A4CE3B4165CB7E30043DF4A /* GBHUD-Implementation.m */; };
		8ACDEE9F173FD18500795FB7 /* GBHUDView.m in Sources */ = {isa = PBXBuildFile; fileRef = 8AA7A575165CBAEF005601FC /* GBHUDView.m */; };
		8ACDEEA0173FD18500795FB7 /* GBHUDBackgroundView.m in Sources */ = {isa = PBXBuildFile; fileRef = 8AA7A579165CBB08005601FC /* GBHUDBackgroundView.m */; };
		8ACDEEA1173FD19200795FB7 /* GBHUD.h in Headers */ = {isa = PBXBuildFile; fileRef = 8A4CE3B2165CB7E30043DF4A /* GBHUD.h */; settings = {ATTRIBUTES = (Public, ); }; };
		8ACDEEA2173FD19200795FB7 /* GBHUDView.h in Headers */ = {isa = PBXBuildFile; fileRef = 8AA7A574165CBAEF005601FC /* GBHUDView.h */; settings = {ATTRIBUTES = (Public, ); }; };
		8ACDEEA3173FD19200795FB7 /* GBHUDBackgroundView.h in Headers */ = {isa = PBXBuildFile; fileRef = 8AA7A578165CBB08005601FC /* GBHUDBackgroundView.h */; settings = {ATTRIBUTES = (Public, ); }; };
		8ACDEEA8173FD83B00795FB7 /* GBHUDTypes.h in Headers */ = {isa = PBXBuildFile; fileRef = 8ACDEEA7173FD83B00795FB7 /* GBHUDTypes.h */; settings = {ATTRIBUTES = (Public, ); }; };
/* End PBXBuildFile section */

/* Begin PBXCopyFilesBuildPhase section */
		8A4CE3A8165CB7E30043DF4A /* CopyFiles */ = {
			isa = PBXCopyFilesBuildPhase;
			buildActionMask = 2147483647;
			dstPath = "include/${PRODUCT_NAME}";
			dstSubfolderSpec = 16;
			files = (
				8A4CE3B3165CB7E30043DF4A /* GBHUD.h in CopyFiles */,
			);
			runOnlyForDeploymentPostprocessing = 0;
		};
/* End PBXCopyFilesBuildPhase section */

/* Begin PBXFileReference section */
		8A0A37461740B78D0004D345 /* GBHUDResources-OSX.bundle */ = {isa = PBXFileReference; explicitFileType = wrapper.cfbundle; includeInIndex = 0; path = "GBHUDResources-OSX.bundle"; sourceTree = BUILT_PRODUCTS_DIR; };
		8A0A374A1740B78D0004D345 /* GBHUDResources-OSX-Info.plist */ = {isa = PBXFileReference; lastKnownFileType = text.plist.xml; path = "GBHUDResources-OSX-Info.plist"; sourceTree = "<group>"; };
		8A0A374C1740B78D0004D345 /* en */ = {isa = PBXFileReference; lastKnownFileType = text.plist.strings; name = en; path = en.lproj/InfoPlist.strings; sourceTree = "<group>"; };
		8A0A374E1740B78D0004D345 /* GBHUDResources-OSX-Prefix.pch */ = {isa = PBXFileReference; lastKnownFileType = sourcecode.c.h; path = "GBHUDResources-OSX-Prefix.pch"; sourceTree = "<group>"; };
		8A4CE3AA165CB7E30043DF4A /* libGBHUD.a */ = {isa = PBXFileReference; explicitFileType = archive.ar; includeInIndex = 0; path = libGBHUD.a; sourceTree = BUILT_PRODUCTS_DIR; };
		8A4CE3AD165CB7E30043DF4A /* Foundation.framework */ = {isa = PBXFileReference; lastKnownFileType = wrapper.framework; name = Foundation.framework; path = System/Library/Frameworks/Foundation.framework; sourceTree = SDKROOT; };
		8A4CE3B1165CB7E30043DF4A /* GBHUD-iOS-Prefix.pch */ = {isa = PBXFileReference; lastKnownFileType = sourcecode.c.h; path = "GBHUD-iOS-Prefix.pch"; sourceTree = "<group>"; };
		8A4CE3B2165CB7E30043DF4A /* GBHUD.h */ = {isa = PBXFileReference; lastKnownFileType = sourcecode.c.h; path = GBHUD.h; sourceTree = "<group>"; };
		8A4CE3B4165CB7E30043DF4A /* GBHUD-Implementation.m */ = {isa = PBXFileReference; lastKnownFileType = sourcecode.c.objc; path = "GBHUD-Implementation.m"; sourceTree = "<group>"; };
		8AA7A574165CBAEF005601FC /* GBHUDView.h */ = {isa = PBXFileReference; fileEncoding = 4; lastKnownFileType = sourcecode.c.h; path = GBHUDView.h; sourceTree = "<group>"; };
		8AA7A575165CBAEF005601FC /* GBHUDView.m */ = {isa = PBXFileReference; fileEncoding = 4; lastKnownFileType = sourcecode.c.objc; path = GBHUDView.m; sourceTree = "<group>"; };
		8AA7A578165CBB08005601FC /* GBHUDBackgroundView.h */ = {isa = PBXFileReference; fileEncoding = 4; lastKnownFileType = sourcecode.c.h; path = GBHUDBackgroundView.h; sourceTree = "<group>"; };
		8AA7A579165CBB08005601FC /* GBHUDBackgroundView.m */ = {isa = PBXFileReference; fileEncoding = 4; lastKnownFileType = sourcecode.c.objc; path = GBHUDBackgroundView.m; sourceTree = "<group>"; };
		8AA7A584165CFA1A005601FC /* GBHUDSymbolSleep@2x.png */ = {isa = PBXFileReference; lastKnownFileType = image.png; path = "GBHUDSymbolSleep@2x.png"; sourceTree = "<group>"; };
		8AA7A585165CFA1A005601FC /* GBHUDSymbolSuccess@2x.png */ = {isa = PBXFileReference; lastKnownFileType = image.png; path = "GBHUDSymbolSuccess@2x.png"; sourceTree = "<group>"; };
		8AA7A586165CFA1A005601FC /* GBHUDSymbolError.png */ = {isa = PBXFileReference; lastKnownFileType = image.png; path = GBHUDSymbolError.png; sourceTree = "<group>"; };
		8AA7A587165CFA1A005601FC /* GBHUDSymbolExplosion.png */ = {isa = PBXFileReference; lastKnownFileType = image.png; path = GBHUDSymbolExplosion.png; sourceTree = "<group>"; };
		8AA7A588165CFA1A005601FC /* GBHUDSymbolInfo.png */ = {isa = PBXFileReference; lastKnownFileType = image.png; path = GBHUDSymbolInfo.png; sourceTree = "<group>"; };
		8AA7A589165CFA1A005601FC /* GBHUDSymbolInfo@2x.png */ = {isa = PBXFileReference; lastKnownFileType = image.png; path = "GBHUDSymbolInfo@2x.png"; sourceTree = "<group>"; };
		8AA7A58A165CFA1A005601FC /* GBHUDSymbolSleep.png */ = {isa = PBXFileReference; lastKnownFileType = image.png; path = GBHUDSymbolSleep.png; sourceTree = "<group>"; };
		8AA7A58B165CFA1A005601FC /* GBHUDSymbolError@2x.png */ = {isa = PBXFileReference; lastKnownFileType = image.png; path = "GBHUDSymbolError@2x.png"; sourceTree = "<group>"; };
		8AA7A58C165CFA1A005601FC /* GBHUDSymbolExplosion@2x.png */ = {isa = PBXFileReference; lastKnownFileType = image.png; path = "GBHUDSymbolExplosion@2x.png"; sourceTree = "<group>"; };
		8AA7A58D165CFA1A005601FC /* GBHUDSymbolSuccess.png */ = {isa = PBXFileReference; lastKnownFileType = image.png; path = GBHUDSymbolSuccess.png; sourceTree = "<group>"; };
		8AA7A5C5165D051C005601FC /* GBHUDResources-iOS.bundle */ = {isa = PBXFileReference; explicitFileType = wrapper.cfbundle; includeInIndex = 0; path = "GBHUDResources-iOS.bundle"; sourceTree = BUILT_PRODUCTS_DIR; };
		8AA7A5C6165D051C005601FC /* CoreFoundation.framework */ = {isa = PBXFileReference; lastKnownFileType = wrapper.framework; name = CoreFoundation.framework; path = System/Library/Frameworks/CoreFoundation.framework; sourceTree = SDKROOT; };
		8AA7A5CA165D051C005601FC /* GBHUDResources-Info.plist */ = {isa = PBXFileReference; lastKnownFileType = text.plist.xml; path = "GBHUDResources-Info.plist"; sourceTree = "<group>"; };
		8AA7A5CC165D051C005601FC /* en */ = {isa = PBXFileReference; lastKnownFileType = text.plist.strings; name = en; path = en.lproj/InfoPlist.strings; sourceTree = "<group>"; };
		8AA7A5CE165D051C005601FC /* GBHUDResources-Prefix.pch */ = {isa = PBXFileReference; lastKnownFileType = sourcecode.c.h; path = "GBHUDResources-Prefix.pch"; sourceTree = "<group>"; };
		8AAD2497173FDC30002C2224 /* GBHUDShims.h */ = {isa = PBXFileReference; lastKnownFileType = sourcecode.c.h; path = GBHUDShims.h; sourceTree = "<group>"; };
		8AAD24C9173FF3EF002C2224 /* GBHUD-Interface-iOS.h */ = {isa = PBXFileReference; lastKnownFileType = sourcecode.c.h; path = "GBHUD-Interface-iOS.h"; sourceTree = "<group>"; };
		8AAD24CA173FF422002C2224 /* GBHUD-Interface-OSX.h */ = {isa = PBXFileReference; fileEncoding = 4; lastKnownFileType = sourcecode.c.h; path = "GBHUD-Interface-OSX.h"; sourceTree = "<group>"; };
		8ACDEE88173FCF4A00795FB7 /* GBHUD.framework */ = {isa = PBXFileReference; explicitFileType = wrapper.framework; includeInIndex = 0; path = GBHUD.framework; sourceTree = BUILT_PRODUCTS_DIR; };
		8ACDEE89173FCF4A00795FB7 /* Cocoa.framework */ = {isa = PBXFileReference; lastKnownFileType = wrapper.framework; name = Cocoa.framework; path = Library/Frameworks/Cocoa.framework; sourceTree = DEVELOPER_DIR; };
		8ACDEE8C173FCF4A00795FB7 /* AppKit.framework */ = {isa = PBXFileReference; lastKnownFileType = wrapper.framework; name = AppKit.framework; path = Library/Frameworks/AppKit.framework; sourceTree = SDKROOT; };
		8ACDEE8D173FCF4A00795FB7 /* CoreData.framework */ = {isa = PBXFileReference; lastKnownFileType = wrapper.framework; name = CoreData.framework; path = Library/Frameworks/CoreData.framework; sourceTree = SDKROOT; };
		8ACDEE8E173FCF4A00795FB7 /* Foundation.framework */ = {isa = PBXFileReference; lastKnownFileType = wrapper.framework; name = Foundation.framework; path = Library/Frameworks/Foundation.framework; sourceTree = SDKROOT; };
		8ACDEE91173FCF4A00795FB7 /* GBHUD-Info.plist */ = {isa = PBXFileReference; lastKnownFileType = text.plist.xml; path = "GBHUD-Info.plist"; sourceTree = "<group>"; };
		8ACDEE9C173FD05A00795FB7 /* GBHUD-OSX-Prefix.pch */ = {isa = PBXFileReference; fileEncoding = 4; lastKnownFileType = sourcecode.c.h; path = "GBHUD-OSX-Prefix.pch"; sourceTree = "<group>"; };
		8ACDEEA7173FD83B00795FB7 /* GBHUDTypes.h */ = {isa = PBXFileReference; fileEncoding = 4; lastKnownFileType = sourcecode.c.h; path = GBHUDTypes.h; sourceTree = "<group>"; };
/* End PBXFileReference section */

/* Begin PBXFrameworksBuildPhase section */
		8A0A37431740B78D0004D345 /* Frameworks */ = {
			isa = PBXFrameworksBuildPhase;
			buildActionMask = 2147483647;
			files = (
				8A0A37471740B78D0004D345 /* CoreFoundation.framework in Frameworks */,
			);
			runOnlyForDeploymentPostprocessing = 0;
		};
		8A4CE3A7165CB7E30043DF4A /* Frameworks */ = {
			isa = PBXFrameworksBuildPhase;
			buildActionMask = 2147483647;
			files = (
				8A4CE3AE165CB7E30043DF4A /* Foundation.framework in Frameworks */,
			);
			runOnlyForDeploymentPostprocessing = 0;
		};
		8AA7A5C2165D051C005601FC /* Frameworks */ = {
			isa = PBXFrameworksBuildPhase;
			buildActionMask = 2147483647;
			files = (
				8AA7A5C7165D051C005601FC /* CoreFoundation.framework in Frameworks */,
			);
			runOnlyForDeploymentPostprocessing = 0;
		};
		8ACDEE84173FCF4A00795FB7 /* Frameworks */ = {
			isa = PBXFrameworksBuildPhase;
			buildActionMask = 2147483647;
			files = (
				8ACDEE8A173FCF4A00795FB7 /* Cocoa.framework in Frameworks */,
			);
			runOnlyForDeploymentPostprocessing = 0;
		};
/* End PBXFrameworksBuildPhase section */

/* Begin PBXGroup section */
		8A0A37481740B78D0004D345 /* GBHUDResources-OSX */ = {
			isa = PBXGroup;
			children = (
				8A0A37491740B78D0004D345 /* Supporting Files */,
			);
			path = "GBHUDResources-OSX";
			sourceTree = "<group>";
		};
		8A0A37491740B78D0004D345 /* Supporting Files */ = {
			isa = PBXGroup;
			children = (
				8A0A374A1740B78D0004D345 /* GBHUDResources-OSX-Info.plist */,
				8A0A374B1740B78D0004D345 /* InfoPlist.strings */,
				8A0A374E1740B78D0004D345 /* GBHUDResources-OSX-Prefix.pch */,
			);
			name = "Supporting Files";
			sourceTree = "<group>";
		};
		8A4CE39F165CB7E30043DF4A = {
			isa = PBXGroup;
			children = (
				8A4CE3AF165CB7E30043DF4A /* GBHUD */,
				8AA7A5C8165D051C005601FC /* GBHUDResources */,
				8A0A37481740B78D0004D345 /* GBHUDResources-OSX */,
				8A4CE3AC165CB7E30043DF4A /* Frameworks */,
				8A4CE3AB165CB7E30043DF4A /* Products */,
			);
			sourceTree = "<group>";
		};
		8A4CE3AB165CB7E30043DF4A /* Products */ = {
			isa = PBXGroup;
			children = (
				8A4CE3AA165CB7E30043DF4A /* libGBHUD.a */,
				8AA7A5C5165D051C005601FC /* GBHUDResources-iOS.bundle */,
				8ACDEE88173FCF4A00795FB7 /* GBHUD.framework */,
				8A0A37461740B78D0004D345 /* GBHUDResources-OSX.bundle */,
			);
			name = Products;
			sourceTree = "<group>";
		};
		8A4CE3AC165CB7E30043DF4A /* Frameworks */ = {
			isa = PBXGroup;
			children = (
				8A4CE3AD165CB7E30043DF4A /* Foundation.framework */,
				8AA7A5C6165D051C005601FC /* CoreFoundation.framework */,
				8ACDEE89173FCF4A00795FB7 /* Cocoa.framework */,
				8ACDEE8B173FCF4A00795FB7 /* Other Frameworks */,
			);
			name = Frameworks;
			sourceTree = "<group>";
		};
		8A4CE3AF165CB7E30043DF4A /* GBHUD */ = {
			isa = PBXGroup;
			children = (
				8AA7A58F165CFA2B005601FC /* Source */,
				8AA7A58E165CFA1E005601FC /* Symbols */,
				8A4CE3B0165CB7E30043DF4A /* Supporting Files */,
			);
			path = GBHUD;
			sourceTree = "<group>";
		};
		8A4CE3B0165CB7E30043DF4A /* Supporting Files */ = {
			isa = PBXGroup;
			children = (
				8ACDEE91173FCF4A00795FB7 /* GBHUD-Info.plist */,
				8ACDEE9C173FD05A00795FB7 /* GBHUD-OSX-Prefix.pch */,
				8A4CE3B1165CB7E30043DF4A /* GBHUD-iOS-Prefix.pch */,
			);
			name = "Supporting Files";
			sourceTree = "<group>";
		};
		8AA7A58E165CFA1E005601FC /* Symbols */ = {
			isa = PBXGroup;
			children = (
				8AA7A584165CFA1A005601FC /* GBHUDSymbolSleep@2x.png */,
				8AA7A58A165CFA1A005601FC /* GBHUDSymbolSleep.png */,
				8AA7A58D165CFA1A005601FC /* GBHUDSymbolSuccess.png */,
				8AA7A585165CFA1A005601FC /* GBHUDSymbolSuccess@2x.png */,
				8AA7A586165CFA1A005601FC /* GBHUDSymbolError.png */,
				8AA7A58B165CFA1A005601FC /* GBHUDSymbolError@2x.png */,
				8AA7A587165CFA1A005601FC /* GBHUDSymbolExplosion.png */,
				8AA7A58C165CFA1A005601FC /* GBHUDSymbolExplosion@2x.png */,
				8AA7A588165CFA1A005601FC /* GBHUDSymbolInfo.png */,
				8AA7A589165CFA1A005601FC /* GBHUDSymbolInfo@2x.png */,
			);
			name = Symbols;
			sourceTree = "<group>";
		};
		8AA7A58F165CFA2B005601FC /* Source */ = {
			isa = PBXGroup;
			children = (
				8ACDEEA7173FD83B00795FB7 /* GBHUDTypes.h */,
				8AAD2497173FDC30002C2224 /* GBHUDShims.h */,
				8A4CE3B2165CB7E30043DF4A /* GBHUD.h */,
				8AAD24C9173FF3EF002C2224 /* GBHUD-Interface-iOS.h */,
				8AAD24CA173FF422002C2224 /* GBHUD-Interface-OSX.h */,
				8A4CE3B4165CB7E30043DF4A /* GBHUD-Implementation.m */,
				8AA7A574165CBAEF005601FC /* GBHUDView.h */,
				8AA7A575165CBAEF005601FC /* GBHUDView.m */,
				8AA7A578165CBB08005601FC /* GBHUDBackgroundView.h */,
				8AA7A579165CBB08005601FC /* GBHUDBackgroundView.m */,
			);
			name = Source;
			sourceTree = "<group>";
		};
		8AA7A5C8165D051C005601FC /* GBHUDResources */ = {
			isa = PBXGroup;
			children = (
				8AA7A5C9165D051C005601FC /* Supporting Files */,
			);
			path = GBHUDResources;
			sourceTree = "<group>";
		};
		8AA7A5C9165D051C005601FC /* Supporting Files */ = {
			isa = PBXGroup;
			children = (
				8AA7A5CA165D051C005601FC /* GBHUDResources-Info.plist */,
				8AA7A5CB165D051C005601FC /* InfoPlist.strings */,
				8AA7A5CE165D051C005601FC /* GBHUDResources-Prefix.pch */,
			);
			name = "Supporting Files";
			sourceTree = "<group>";
		};
		8ACDEE8B173FCF4A00795FB7 /* Other Frameworks */ = {
			isa = PBXGroup;
			children = (
				8ACDEE8C173FCF4A00795FB7 /* AppKit.framework */,
				8ACDEE8D173FCF4A00795FB7 /* CoreData.framework */,
				8ACDEE8E173FCF4A00795FB7 /* Foundation.framework */,
			);
			name = "Other Frameworks";
			sourceTree = "<group>";
		};
/* End PBXGroup section */

/* Begin PBXHeadersBuildPhase section */
		8ACDEE85173FCF4A00795FB7 /* Headers */ = {
			isa = PBXHeadersBuildPhase;
			buildActionMask = 2147483647;
			files = (
				8ACDEE9D173FD05A00795FB7 /* GBHUD-OSX-Prefix.pch in Headers */,
				8ACDEEA1173FD19200795FB7 /* GBHUD.h in Headers */,
				8ACDEEA2173FD19200795FB7 /* GBHUDView.h in Headers */,
				8ACDEEA3173FD19200795FB7 /* GBHUDBackgroundView.h in Headers */,
				8ACDEEA8173FD83B00795FB7 /* GBHUDTypes.h in Headers */,
				8AAD2498173FDCBA002C2224 /* GBHUDShims.h in Headers */,
				8AAD24CB173FF422002C2224 /* GBHUD-Interface-OSX.h in Headers */,
				8AC0838F1740AFA400F86A34 /* GBHUD-Interface-iOS.h in Headers */,
			);
			runOnlyForDeploymentPostprocessing = 0;
		};
/* End PBXHeadersBuildPhase section */

/* Begin PBXNativeTarget section */
		8A0A37451740B78D0004D345 /* GBHUDResources-OSX */ = {
			isa = PBXNativeTarget;
			buildConfigurationList = 8A0A374F1740B78D0004D345 /* Build configuration list for PBXNativeTarget "GBHUDResources-OSX" */;
			buildPhases = (
				8A0A37421740B78D0004D345 /* Sources */,
				8A0A37431740B78D0004D345 /* Frameworks */,
				8A0A37441740B78D0004D345 /* Resources */,
			);
			buildRules = (
			);
			dependencies = (
			);
			name = "GBHUDResources-OSX";
			productName = "GBHUDResources-OSX";
			productReference = 8A0A37461740B78D0004D345 /* GBHUDResources-OSX.bundle */;
			productType = "com.apple.product-type.bundle";
		};
		8A4CE3A9165CB7E30043DF4A /* GBHUD-iOS */ = {
			isa = PBXNativeTarget;
			buildConfigurationList = 8A4CE3B8165CB7E30043DF4A /* Build configuration list for PBXNativeTarget "GBHUD-iOS" */;
			buildPhases = (
				8A4CE3A6165CB7E30043DF4A /* Sources */,
				8A4CE3A7165CB7E30043DF4A /* Frameworks */,
				8A4CE3A8165CB7E30043DF4A /* CopyFiles */,
			);
			buildRules = (
			);
			dependencies = (
			);
			name = "GBHUD-iOS";
			productName = GBHUD;
			productReference = 8A4CE3AA165CB7E30043DF4A /* libGBHUD.a */;
			productType = "com.apple.product-type.library.static";
		};
		8AA7A5C4165D051C005601FC /* GBHUDResources-iOS */ = {
			isa = PBXNativeTarget;
			buildConfigurationList = 8AA7A5CF165D051C005601FC /* Build configuration list for PBXNativeTarget "GBHUDResources-iOS" */;
			buildPhases = (
				8AA7A5C1165D051C005601FC /* Sources */,
				8AA7A5C2165D051C005601FC /* Frameworks */,
				8AA7A5C3165D051C005601FC /* Resources */,
			);
			buildRules = (
			);
			dependencies = (
			);
			name = "GBHUDResources-iOS";
			productName = GBHUDResources;
			productReference = 8AA7A5C5165D051C005601FC /* GBHUDResources-iOS.bundle */;
			productType = "com.apple.product-type.bundle";
		};
		8ACDEE87173FCF4A00795FB7 /* GBHUD-OSX */ = {
			isa = PBXNativeTarget;
			buildConfigurationList = 8ACDEE99173FCF4A00795FB7 /* Build configuration list for PBXNativeTarget "GBHUD-OSX" */;
			buildPhases = (
				8ACDEE83173FCF4A00795FB7 /* Sources */,
				8ACDEE84173FCF4A00795FB7 /* Frameworks */,
				8ACDEE85173FCF4A00795FB7 /* Headers */,
				8ACDEE86173FCF4A00795FB7 /* Resources */,
			);
			buildRules = (
			);
			dependencies = (
			);
			name = "GBHUD-OSX";
			productName = GBHUD;
			productReference = 8ACDEE88173FCF4A00795FB7 /* GBHUD.framework */;
			productType = "com.apple.product-type.framework";
		};
/* End PBXNativeTarget section */

/* Begin PBXProject section */
		8A4CE3A1165CB7E30043DF4A /* Project object */ = {
			isa = PBXProject;
			attributes = {
				LastUpgradeCheck = 0450;
				ORGANIZATIONNAME = Goonbee;
			};
			buildConfigurationList = 8A4CE3A4165CB7E30043DF4A /* Build configuration list for PBXProject "GBHUD" */;
			compatibilityVersion = "Xcode 3.2";
			developmentRegion = English;
			hasScannedForEncodings = 0;
			knownRegions = (
				en,
			);
			mainGroup = 8A4CE39F165CB7E30043DF4A;
			productRefGroup = 8A4CE3AB165CB7E30043DF4A /* Products */;
			projectDirPath = "";
			projectRoot = "";
			targets = (
				8A4CE3A9165CB7E30043DF4A /* GBHUD-iOS */,
				8AA7A5C4165D051C005601FC /* GBHUDResources-iOS */,
				8ACDEE87173FCF4A00795FB7 /* GBHUD-OSX */,
				8A0A37451740B78D0004D345 /* GBHUDResources-OSX */,
			);
		};
/* End PBXProject section */

/* Begin PBXResourcesBuildPhase section */
		8A0A37441740B78D0004D345 /* Resources */ = {
			isa = PBXResourcesBuildPhase;
			buildActionMask = 2147483647;
			files = (
				8A0A374D1740B78D0004D345 /* InfoPlist.strings in Resources */,
			);
			runOnlyForDeploymentPostprocessing = 0;
		};
		8AA7A5C3165D051C005601FC /* Resources */ = {
			isa = PBXResourcesBuildPhase;
			buildActionMask = 2147483647;
			files = (
				8AA7A5CD165D051C005601FC /* InfoPlist.strings in Resources */,
				8AA7A5D2165D057C005601FC /* GBHUDSymbolSleep.png in Resources */,
				8AA7A5D3165D057C005601FC /* GBHUDSymbolSleep@2x.png in Resources */,
				8AA7A5D4165D057C005601FC /* GBHUDSymbolSuccess.png in Resources */,
				8AA7A5D5165D057C005601FC /* GBHUDSymbolSuccess@2x.png in Resources */,
				8AA7A5D6165D057C005601FC /* GBHUDSymbolError.png in Resources */,
				8AA7A5D7165D057C005601FC /* GBHUDSymbolError@2x.png in Resources */,
				8AA7A5D8165D057C005601FC /* GBHUDSymbolExplosion.png in Resources */,
				8AA7A5D9165D057C005601FC /* GBHUDSymbolExplosion@2x.png in Resources */,
				8AA7A5DA165D057C005601FC /* GBHUDSymbolInfo.png in Resources */,
				8AA7A5DB165D057C005601FC /* GBHUDSymbolInfo@2x.png in Resources */,
			);
			runOnlyForDeploymentPostprocessing = 0;
		};
		8ACDEE86173FCF4A00795FB7 /* Resources */ = {
			isa = PBXResourcesBuildPhase;
			buildActionMask = 2147483647;
			files = (
			);
			runOnlyForDeploymentPostprocessing = 0;
		};
/* End PBXResourcesBuildPhase section */

/* Begin PBXSourcesBuildPhase section */
		8A0A37421740B78D0004D345 /* Sources */ = {
			isa = PBXSourcesBuildPhase;
			buildActionMask = 2147483647;
			files = (
			);
			runOnlyForDeploymentPostprocessing = 0;
		};
		8A4CE3A6165CB7E30043DF4A /* Sources */ = {
			isa = PBXSourcesBuildPhase;
			buildActionMask = 2147483647;
			files = (
				8A4CE3B5165CB7E30043DF4A /* GBHUD-Implementation.m in Sources */,
				8AA7A576165CBAEF005601FC /* GBHUDView.m in Sources */,
				8AA7A57A165CBB08005601FC /* GBHUDBackgroundView.m in Sources */,
			);
			runOnlyForDeploymentPostprocessing = 0;
		};
		8AA7A5C1165D051C005601FC /* Sources */ = {
			isa = PBXSourcesBuildPhase;
			buildActionMask = 2147483647;
			files = (
			);
			runOnlyForDeploymentPostprocessing = 0;
		};
		8ACDEE83173FCF4A00795FB7 /* Sources */ = {
			isa = PBXSourcesBuildPhase;
			buildActionMask = 2147483647;
			files = (
				8ACDEE9E173FD18500795FB7 /* GBHUD-Implementation.m in Sources */,
				8ACDEE9F173FD18500795FB7 /* GBHUDView.m in Sources */,
				8ACDEEA0173FD18500795FB7 /* GBHUDBackgroundView.m in Sources */,
			);
			runOnlyForDeploymentPostprocessing = 0;
		};
/* End PBXSourcesBuildPhase section */

/* Begin PBXVariantGroup section */
		8A0A374B1740B78D0004D345 /* InfoPlist.strings */ = {
			isa = PBXVariantGroup;
			children = (
				8A0A374C1740B78D0004D345 /* en */,
			);
			name = InfoPlist.strings;
			sourceTree = "<group>";
		};
		8AA7A5CB165D051C005601FC /* InfoPlist.strings */ = {
			isa = PBXVariantGroup;
			children = (
				8AA7A5CC165D051C005601FC /* en */,
			);
			name = InfoPlist.strings;
			sourceTree = "<group>";
		};
/* End PBXVariantGroup section */

/* Begin XCBuildConfiguration section */
		8A0A37501740B78D0004D345 /* Debug */ = {
			isa = XCBuildConfiguration;
			buildSettings = {
				ARCHS = "$(ARCHS_STANDARD_64_BIT)";
				CLANG_WARN_CONSTANT_CONVERSION = YES;
				CLANG_WARN_ENUM_CONVERSION = YES;
				CLANG_WARN_INT_CONVERSION = YES;
				COMBINE_HIDPI_IMAGES = YES;
				GCC_ENABLE_OBJC_EXCEPTIONS = YES;
				GCC_PRECOMPILE_PREFIX_HEADER = YES;
				GCC_PREFIX_HEADER = "GBHUDResources-OSX/GBHUDResources-OSX-Prefix.pch";
				GCC_WARN_64_TO_32_BIT_CONVERSION = YES;
				INFOPLIST_FILE = "GBHUDResources-OSX/GBHUDResources-OSX-Info.plist";
				INSTALL_PATH = "$(LOCAL_LIBRARY_DIR)/Bundles";
				MACOSX_DEPLOYMENT_TARGET = 10.6;
				PRODUCT_NAME = "GBHUDResources-OSX";
				SDKROOT = macosx;
				WRAPPER_EXTENSION = bundle;
			};
			name = Debug;
		};
		8A0A37511740B78D0004D345 /* Release */ = {
			isa = XCBuildConfiguration;
			buildSettings = {
				ARCHS = "$(ARCHS_STANDARD_64_BIT)";
				CLANG_WARN_CONSTANT_CONVERSION = YES;
				CLANG_WARN_ENUM_CONVERSION = YES;
				CLANG_WARN_INT_CONVERSION = YES;
				COMBINE_HIDPI_IMAGES = YES;
				DEBUG_INFORMATION_FORMAT = "dwarf-with-dsym";
				GCC_ENABLE_OBJC_EXCEPTIONS = YES;
				GCC_PRECOMPILE_PREFIX_HEADER = YES;
				GCC_PREFIX_HEADER = "GBHUDResources-OSX/GBHUDResources-OSX-Prefix.pch";
				GCC_WARN_64_TO_32_BIT_CONVERSION = YES;
				INFOPLIST_FILE = "GBHUDResources-OSX/GBHUDResources-OSX-Info.plist";
				INSTALL_PATH = "$(LOCAL_LIBRARY_DIR)/Bundles";
				MACOSX_DEPLOYMENT_TARGET = 10.6;
				PRODUCT_NAME = "GBHUDResources-OSX";
				SDKROOT = macosx;
				WRAPPER_EXTENSION = bundle;
			};
			name = Release;
		};
		8A4CE3B6165CB7E30043DF4A /* Debug */ = {
			isa = XCBuildConfiguration;
			buildSettings = {
				ALWAYS_SEARCH_USER_PATHS = NO;
				CLANG_CXX_LANGUAGE_STANDARD = "gnu++0x";
				CLANG_CXX_LIBRARY = "libc++";
				CLANG_ENABLE_OBJC_ARC = YES;
				CLANG_WARN_EMPTY_BODY = YES;
				CLANG_WARN__DUPLICATE_METHOD_MATCH = YES;
				COPY_PHASE_STRIP = NO;
				GCC_C_LANGUAGE_STANDARD = gnu99;
				GCC_DYNAMIC_NO_PIC = NO;
				GCC_OPTIMIZATION_LEVEL = 0;
				GCC_PREPROCESSOR_DEFINITIONS = (
					"DEBUG=1",
					"$(inherited)",
				);
				GCC_SYMBOLS_PRIVATE_EXTERN = NO;
				GCC_WARN_ABOUT_RETURN_TYPE = YES;
				GCC_WARN_UNINITIALIZED_AUTOS = YES;
				GCC_WARN_UNUSED_VARIABLE = YES;
				IPHONEOS_DEPLOYMENT_TARGET = 5.0;
				ONLY_ACTIVE_ARCH = YES;
				OTHER_LDFLAGS = "-ObjC";
				SDKROOT = iphoneos;
				SKIP_INSTALL = YES;
			};
			name = Debug;
		};
		8A4CE3B7165CB7E30043DF4A /* Release */ = {
			isa = XCBuildConfiguration;
			buildSettings = {
				ALWAYS_SEARCH_USER_PATHS = NO;
				CLANG_CXX_LANGUAGE_STANDARD = "gnu++0x";
				CLANG_CXX_LIBRARY = "libc++";
				CLANG_ENABLE_OBJC_ARC = YES;
				CLANG_WARN_EMPTY_BODY = YES;
				CLANG_WARN__DUPLICATE_METHOD_MATCH = YES;
				COPY_PHASE_STRIP = YES;
				GCC_C_LANGUAGE_STANDARD = gnu99;
				GCC_WARN_ABOUT_RETURN_TYPE = YES;
				GCC_WARN_UNINITIALIZED_AUTOS = YES;
				GCC_WARN_UNUSED_VARIABLE = YES;
				IPHONEOS_DEPLOYMENT_TARGET = 5.0;
				OTHER_LDFLAGS = "-ObjC";
				SDKROOT = iphoneos;
				SKIP_INSTALL = YES;
				VALIDATE_PRODUCT = YES;
			};
			name = Release;
		};
		8A4CE3B9165CB7E30043DF4A /* Debug */ = {
			isa = XCBuildConfiguration;
			buildSettings = {
				DSTROOT = /tmp/GBHUD.dst;
				GCC_PRECOMPILE_PREFIX_HEADER = YES;
				GCC_PREFIX_HEADER = "GBHUD/GBHUD-iOS-Prefix.pch";
				PRODUCT_NAME = GBHUD;
				SKIP_INSTALL = YES;
			};
			name = Debug;
		};
		8A4CE3BA165CB7E30043DF4A /* Release */ = {
			isa = XCBuildConfiguration;
			buildSettings = {
				DSTROOT = /tmp/GBHUD.dst;
				GCC_PRECOMPILE_PREFIX_HEADER = YES;
				GCC_PREFIX_HEADER = "GBHUD/GBHUD-iOS-Prefix.pch";
				PRODUCT_NAME = GBHUD;
				SKIP_INSTALL = YES;
			};
			name = Release;
		};
		8AA7A5D0165D051C005601FC /* Debug */ = {
			isa = XCBuildConfiguration;
			buildSettings = {
				COMBINE_HIDPI_IMAGES = NO;
				GCC_ENABLE_OBJC_EXCEPTIONS = YES;
				GCC_PRECOMPILE_PREFIX_HEADER = YES;
				GCC_PREFIX_HEADER = "GBHUDResources/GBHUDResources-Prefix.pch";
				GCC_WARN_64_TO_32_BIT_CONVERSION = YES;
				INFOPLIST_FILE = "GBHUDResources/GBHUDResources-Info.plist";
				INSTALL_PATH = "$(LOCAL_LIBRARY_DIR)/Bundles";
				MACOSX_DEPLOYMENT_TARGET = 10.8;
				ONLY_ACTIVE_ARCH = NO;
				PRODUCT_NAME = "GBHUDResources-iOS";
				SDKROOT = iphoneos;
				WRAPPER_EXTENSION = bundle;
			};
			name = Debug;
		};
		8AA7A5D1165D051C005601FC /* Release */ = {
			isa = XCBuildConfiguration;
			buildSettings = {
				COMBINE_HIDPI_IMAGES = NO;
				DEBUG_INFORMATION_FORMAT = "dwarf-with-dsym";
				GCC_ENABLE_OBJC_EXCEPTIONS = YES;
				GCC_PRECOMPILE_PREFIX_HEADER = YES;
				GCC_PREFIX_HEADER = "GBHUDResources/GBHUDResources-Prefix.pch";
				GCC_WARN_64_TO_32_BIT_CONVERSION = YES;
				INFOPLIST_FILE = "GBHUDResources/GBHUDResources-Info.plist";
				INSTALL_PATH = "$(LOCAL_LIBRARY_DIR)/Bundles";
				MACOSX_DEPLOYMENT_TARGET = 10.8;
				PRODUCT_NAME = "GBHUDResources-iOS";
				SDKROOT = iphoneos;
				WRAPPER_EXTENSION = bundle;
			};
			name = Release;
		};
		8ACDEE9A173FCF4A00795FB7 /* Debug */ = {
			isa = XCBuildConfiguration;
			buildSettings = {
				ARCHS = "$(ARCHS_STANDARD_64_BIT)";
				CLANG_WARN_CONSTANT_CONVERSION = YES;
				CLANG_WARN_ENUM_CONVERSION = YES;
				CLANG_WARN_INT_CONVERSION = YES;
				COMBINE_HIDPI_IMAGES = YES;
				DYLIB_COMPATIBILITY_VERSION = 1;
				DYLIB_CURRENT_VERSION = 1;
				FRAMEWORK_SEARCH_PATHS = (
					"$(inherited)",
					"\"$(SYSTEM_APPS_DIR)/Xcode.app/Contents/Developer/Library/Frameworks\"",
				);
				FRAMEWORK_VERSION = A;
				GCC_ENABLE_OBJC_EXCEPTIONS = YES;
				GCC_PRECOMPILE_PREFIX_HEADER = YES;
				GCC_PREFIX_HEADER = "GBHUD/GBHUD-OSX-Prefix.pch";
				GCC_WARN_64_TO_32_BIT_CONVERSION = YES;
				INFOPLIST_FILE = "GBHUD/GBHUD-Info.plist";
				INSTALL_PATH = "@executable_path/../Frameworks";
				MACOSX_DEPLOYMENT_TARGET = 10.6;
				PRODUCT_NAME = GBHUD;
				SDKROOT = macosx;
				WRAPPER_EXTENSION = framework;
			};
			name = Debug;
		};
		8ACDEE9B173FCF4A00795FB7 /* Release */ = {
			isa = XCBuildConfiguration;
			buildSettings = {
				ARCHS = "$(ARCHS_STANDARD_64_BIT)";
				CLANG_WARN_CONSTANT_CONVERSION = YES;
				CLANG_WARN_ENUM_CONVERSION = YES;
				CLANG_WARN_INT_CONVERSION = YES;
				COMBINE_HIDPI_IMAGES = YES;
				DEBUG_INFORMATION_FORMAT = "dwarf-with-dsym";
				DYLIB_COMPATIBILITY_VERSION = 1;
				DYLIB_CURRENT_VERSION = 1;
				FRAMEWORK_SEARCH_PATHS = (
					"$(inherited)",
					"\"$(SYSTEM_APPS_DIR)/Xcode.app/Contents/Developer/Library/Frameworks\"",
				);
				FRAMEWORK_VERSION = A;
				GCC_ENABLE_OBJC_EXCEPTIONS = YES;
				GCC_PRECOMPILE_PREFIX_HEADER = YES;
				GCC_PREFIX_HEADER = "GBHUD/GBHUD-OSX-Prefix.pch";
				GCC_WARN_64_TO_32_BIT_CONVERSION = YES;
				INFOPLIST_FILE = "GBHUD/GBHUD-Info.plist";
				INSTALL_PATH = "@executable_path/../Frameworks";
				MACOSX_DEPLOYMENT_TARGET = 10.6;
				PRODUCT_NAME = GBHUD;
				SDKROOT = macosx;
				WRAPPER_EXTENSION = framework;
			};
			name = Release;
		};
/* End XCBuildConfiguration section */

/* Begin XCConfigurationList section */
		8A0A374F1740B78D0004D345 /* Build configuration list for PBXNativeTarget "GBHUDResources-OSX" */ = {
			isa = XCConfigurationList;
			buildConfigurations = (
				8A0A37501740B78D0004D345 /* Debug */,
				8A0A37511740B78D0004D345 /* Release */,
			);
			defaultConfigurationIsVisible = 0;
			defaultConfigurationName = Release;
		};
		8A4CE3A4165CB7E30043DF4A /* Build configuration list for PBXProject "GBHUD" */ = {
			isa = XCConfigurationList;
			buildConfigurations = (
				8A4CE3B6165CB7E30043DF4A /* Debug */,
				8A4CE3B7165CB7E30043DF4A /* Release */,
			);
			defaultConfigurationIsVisible = 0;
			defaultConfigurationName = Release;
		};
		8A4CE3B8165CB7E30043DF4A /* Build configuration list for PBXNativeTarget "GBHUD-iOS" */ = {
			isa = XCConfigurationList;
			buildConfigurations = (
				8A4CE3B9165CB7E30043DF4A /* Debug */,
				8A4CE3BA165CB7E30043DF4A /* Release */,
			);
			defaultConfigurationIsVisible = 0;
			defaultConfigurationName = Release;
		};
		8AA7A5CF165D051C005601FC /* Build configuration list for PBXNativeTarget "GBHUDResources-iOS" */ = {
			isa = XCConfigurationList;
			buildConfigurations = (
				8AA7A5D0165D051C005601FC /* Debug */,
				8AA7A5D1165D051C005601FC /* Release */,
			);
			defaultConfigurationIsVisible = 0;
			defaultConfigurationName = Release;
		};
		8ACDEE99173FCF4A00795FB7 /* Build configuration list for PBXNativeTarget "GBHUD-OSX" */ = {
			isa = XCConfigurationList;
			buildConfigurations = (
				8ACDEE9A173FCF4A00795FB7 /* Debug */,
				8ACDEE9B173FCF4A00795FB7 /* Release */,
			);
			defaultConfigurationIsVisible = 0;
			defaultConfigurationName = Release;
		};
/* End XCConfigurationList section */
	};
	rootObject = 8A4CE3A1165CB7E30043DF4A /* Project object */;
}
